{
    "_meta": {
        "hash": {
            "sha256": "5ccbf3e4756a2fcaf90d3d5c128efe7a05ab31c07eefa79c1386a6f437ae53f6"
        },
        "pipfile-spec": 6,
        "requires": {
            "python_version": "3.6"
        },
        "sources": [
            {
                "name": "pypi",
                "url": "https://pypi.org/simple",
                "verify_ssl": true
            }
        ]
    },
    "default": {
        "tesserocr": {
            "hashes": [
                "sha256:de1c57808f4a3ca59540750114537246685f447a11b0be1abb15b51680189719"
            ],
            "index": "pypi",
            "version": "==2.3.0"
        }
    },
    "develop": {
        "docutils": {
            "hashes": [
                "sha256:02aec4bd92ab067f6ff27a38a38a41173bf01bed8f89157768c1573f53e474a6",
                "sha256:51e64ef2ebfb29cae1faa133b3710143496eca21c530f3f71424d77687764274",
                "sha256:7a4bd47eaf6596e1295ecb11361139febe29b084a87bf005bf899f9a42edc3c6"
            ],
            "index": "pypi",
            "version": "==0.14"
        }
    }
}
